// !$*UTF8*$!
{
	archiveVersion = 1;
	classes = {
	};
	objectVersion = 51;
	objects = {

/* Begin PBXBuildFile section */
		5D4B96AC23F6E27600834630 /* AppDelegate.swift in Sources */ = {isa = PBXBuildFile; fileRef = 5D4B96AB23F6E27600834630 /* AppDelegate.swift */; };
		5D4B96AE23F6E27600834630 /* SceneDelegate.swift in Sources */ = {isa = PBXBuildFile; fileRef = 5D4B96AD23F6E27600834630 /* SceneDelegate.swift */; };
		5D4B96B023F6E27600834630 /* ViewController.swift in Sources */ = {isa = PBXBuildFile; fileRef = 5D4B96AF23F6E27600834630 /* ViewController.swift */; };
		5D4B96B323F6E27600834630 /* Main.storyboard in Resources */ = {isa = PBXBuildFile; fileRef = 5D4B96B123F6E27600834630 /* Main.storyboard */; };
		5D4B96B523F6E27800834630 /* Assets.xcassets in Resources */ = {isa = PBXBuildFile; fileRef = 5D4B96B423F6E27800834630 /* Assets.xcassets */; };
		5D4B96B823F6E27800834630 /* LaunchScreen.storyboard in Resources */ = {isa = PBXBuildFile; fileRef = 5D4B96B623F6E27800834630 /* LaunchScreen.storyboard */; };
		5D4B96C323F6E27900834630 /* WeatherTests.swift in Sources */ = {isa = PBXBuildFile; fileRef = 5D4B96C223F6E27900834630 /* WeatherTests.swift */; };
		5D4B96CE23F6E27900834630 /* WeatherUITests.swift in Sources */ = {isa = PBXBuildFile; fileRef = 5D4B96CD23F6E27900834630 /* WeatherUITests.swift */; };
		5DACE58023F72A0500AB1125 /* QueryCityReq.swift in Sources */ = {isa = PBXBuildFile; fileRef = 5DACE57F23F72A0500AB1125 /* QueryCityReq.swift */; };
		5DACE58223F72E0A00AB1125 /* ApiError.swift in Sources */ = {isa = PBXBuildFile; fileRef = 5DACE58123F72E0A00AB1125 /* ApiError.swift */; };
		5DACE58423F730E300AB1125 /* ViewController.swift in Sources */ = {isa = PBXBuildFile; fileRef = 5DACE58323F730E300AB1125 /* ViewController.swift */; };
		5DACE58623F730F900AB1125 /* UITableView.swift in Sources */ = {isa = PBXBuildFile; fileRef = 5DACE58523F730F900AB1125 /* UITableView.swift */; };
		5DACE58823F7312600AB1125 /* UIAlertController.swift in Sources */ = {isa = PBXBuildFile; fileRef = 5DACE58723F7312600AB1125 /* UIAlertController.swift */; };
		5DACE58A23F7313800AB1125 /* String.swift in Sources */ = {isa = PBXBuildFile; fileRef = 5DACE58923F7313800AB1125 /* String.swift */; };
		5DBAA56523F701A400464355 /* ApiService.swift in Sources */ = {isa = PBXBuildFile; fileRef = 5DBAA56423F701A400464355 /* ApiService.swift */; };
		5DBAA56723F7042000464355 /* NetworkService.swift in Sources */ = {isa = PBXBuildFile; fileRef = 5DBAA56623F7042000464355 /* NetworkService.swift */; };
		5DBAA56C23F7082500464355 /* Constants.swift in Sources */ = {isa = PBXBuildFile; fileRef = 5DBAA56B23F7082500464355 /* Constants.swift */; };
		5DBAA57023F71AEE00464355 /* LatLongReq.swift in Sources */ = {isa = PBXBuildFile; fileRef = 5DBAA56F23F71AEE00464355 /* LatLongReq.swift */; };
		9E0C30092A8E666C43646BB7 /* Pods_Weather.framework in Frameworks */ = {isa = PBXBuildFile; fileRef = 963AC9EC297FE6C759BBE313 /* Pods_Weather.framework */; };
		A7A05207250AE853F6EC9BC6 /* Pods_Weather_WeatherUITests.framework in Frameworks */ = {isa = PBXBuildFile; fileRef = 7F5715518A68175853CD2156 /* Pods_Weather_WeatherUITests.framework */; };
		C46912385FFC09C767E67EE5 /* Pods_WeatherTests.framework in Frameworks */ = {isa = PBXBuildFile; fileRef = 2A79887EAE0328FC182E1B7D /* Pods_WeatherTests.framework */; };
/* End PBXBuildFile section */

/* Begin PBXContainerItemProxy section */
		5D4B96BF23F6E27900834630 /* PBXContainerItemProxy */ = {
			isa = PBXContainerItemProxy;
			containerPortal = 5D4B96A023F6E27600834630 /* Project object */;
			proxyType = 1;
			remoteGlobalIDString = 5D4B96A723F6E27600834630;
			remoteInfo = Weather;
		};
		5D4B96CA23F6E27900834630 /* PBXContainerItemProxy */ = {
			isa = PBXContainerItemProxy;
			containerPortal = 5D4B96A023F6E27600834630 /* Project object */;
			proxyType = 1;
			remoteGlobalIDString = 5D4B96A723F6E27600834630;
			remoteInfo = Weather;
		};
/* End PBXContainerItemProxy section */

/* Begin PBXFileReference section */
		0F3815391587C3E01E0B880B /* Pods-WeatherTests.release.xcconfig */ = {isa = PBXFileReference; includeInIndex = 1; lastKnownFileType = text.xcconfig; name = "Pods-WeatherTests.release.xcconfig"; path = "Target Support Files/Pods-WeatherTests/Pods-WeatherTests.release.xcconfig"; sourceTree = "<group>"; };
		2A79887EAE0328FC182E1B7D /* Pods_WeatherTests.framework */ = {isa = PBXFileReference; explicitFileType = wrapper.framework; includeInIndex = 0; path = Pods_WeatherTests.framework; sourceTree = BUILT_PRODUCTS_DIR; };
		5D4B96A823F6E27600834630 /* Weather.app */ = {isa = PBXFileReference; explicitFileType = wrapper.application; includeInIndex = 0; path = Weather.app; sourceTree = BUILT_PRODUCTS_DIR; };
		5D4B96AB23F6E27600834630 /* AppDelegate.swift */ = {isa = PBXFileReference; lastKnownFileType = sourcecode.swift; path = AppDelegate.swift; sourceTree = "<group>"; };
		5D4B96AD23F6E27600834630 /* SceneDelegate.swift */ = {isa = PBXFileReference; lastKnownFileType = sourcecode.swift; path = SceneDelegate.swift; sourceTree = "<group>"; };
		5D4B96AF23F6E27600834630 /* ViewController.swift */ = {isa = PBXFileReference; lastKnownFileType = sourcecode.swift; path = ViewController.swift; sourceTree = "<group>"; };
		5D4B96B223F6E27600834630 /* Base */ = {isa = PBXFileReference; lastKnownFileType = file.storyboard; name = Base; path = Base.lproj/Main.storyboard; sourceTree = "<group>"; };
		5D4B96B423F6E27800834630 /* Assets.xcassets */ = {isa = PBXFileReference; lastKnownFileType = folder.assetcatalog; path = Assets.xcassets; sourceTree = "<group>"; };
		5D4B96B723F6E27800834630 /* Base */ = {isa = PBXFileReference; lastKnownFileType = file.storyboard; name = Base; path = Base.lproj/LaunchScreen.storyboard; sourceTree = "<group>"; };
		5D4B96B923F6E27800834630 /* Info.plist */ = {isa = PBXFileReference; lastKnownFileType = text.plist.xml; path = Info.plist; sourceTree = "<group>"; };
		5D4B96BE23F6E27900834630 /* WeatherTests.xctest */ = {isa = PBXFileReference; explicitFileType = wrapper.cfbundle; includeInIndex = 0; path = WeatherTests.xctest; sourceTree = BUILT_PRODUCTS_DIR; };
		5D4B96C223F6E27900834630 /* WeatherTests.swift */ = {isa = PBXFileReference; lastKnownFileType = sourcecode.swift; path = WeatherTests.swift; sourceTree = "<group>"; };
		5D4B96C423F6E27900834630 /* Info.plist */ = {isa = PBXFileReference; lastKnownFileType = text.plist.xml; path = Info.plist; sourceTree = "<group>"; };
		5D4B96C923F6E27900834630 /* WeatherUITests.xctest */ = {isa = PBXFileReference; explicitFileType = wrapper.cfbundle; includeInIndex = 0; path = WeatherUITests.xctest; sourceTree = BUILT_PRODUCTS_DIR; };
		5D4B96CD23F6E27900834630 /* WeatherUITests.swift */ = {isa = PBXFileReference; lastKnownFileType = sourcecode.swift; path = WeatherUITests.swift; sourceTree = "<group>"; };
		5D4B96CF23F6E27900834630 /* Info.plist */ = {isa = PBXFileReference; lastKnownFileType = text.plist.xml; path = Info.plist; sourceTree = "<group>"; };
		5DACE57F23F72A0500AB1125 /* QueryCityReq.swift */ = {isa = PBXFileReference; lastKnownFileType = sourcecode.swift; path = QueryCityReq.swift; sourceTree = "<group>"; };
		5DACE58123F72E0A00AB1125 /* ApiError.swift */ = {isa = PBXFileReference; lastKnownFileType = sourcecode.swift; path = ApiError.swift; sourceTree = "<group>"; };
		5DACE58323F730E300AB1125 /* ViewController.swift */ = {isa = PBXFileReference; lastKnownFileType = sourcecode.swift; path = ViewController.swift; sourceTree = "<group>"; };
		5DACE58523F730F900AB1125 /* UITableView.swift */ = {isa = PBXFileReference; lastKnownFileType = sourcecode.swift; path = UITableView.swift; sourceTree = "<group>"; };
		5DACE58723F7312600AB1125 /* UIAlertController.swift */ = {isa = PBXFileReference; lastKnownFileType = sourcecode.swift; path = UIAlertController.swift; sourceTree = "<group>"; };
		5DACE58923F7313800AB1125 /* String.swift */ = {isa = PBXFileReference; lastKnownFileType = sourcecode.swift; path = String.swift; sourceTree = "<group>"; };
		5DBAA56423F701A400464355 /* ApiService.swift */ = {isa = PBXFileReference; lastKnownFileType = sourcecode.swift; path = ApiService.swift; sourceTree = "<group>"; };
		5DBAA56623F7042000464355 /* NetworkService.swift */ = {isa = PBXFileReference; lastKnownFileType = sourcecode.swift; path = NetworkService.swift; sourceTree = "<group>"; };
		5DBAA56B23F7082500464355 /* Constants.swift */ = {isa = PBXFileReference; lastKnownFileType = sourcecode.swift; path = Constants.swift; sourceTree = "<group>"; };
		5DBAA56F23F71AEE00464355 /* LatLongReq.swift */ = {isa = PBXFileReference; lastKnownFileType = sourcecode.swift; path = LatLongReq.swift; sourceTree = "<group>"; };
		7F5715518A68175853CD2156 /* Pods_Weather_WeatherUITests.framework */ = {isa = PBXFileReference; explicitFileType = wrapper.framework; includeInIndex = 0; path = Pods_Weather_WeatherUITests.framework; sourceTree = BUILT_PRODUCTS_DIR; };
		925FCE0C0851766444296FC1 /* Pods-Weather-WeatherUITests.release.xcconfig */ = {isa = PBXFileReference; includeInIndex = 1; lastKnownFileType = text.xcconfig; name = "Pods-Weather-WeatherUITests.release.xcconfig"; path = "Target Support Files/Pods-Weather-WeatherUITests/Pods-Weather-WeatherUITests.release.xcconfig"; sourceTree = "<group>"; };
		963AC9EC297FE6C759BBE313 /* Pods_Weather.framework */ = {isa = PBXFileReference; explicitFileType = wrapper.framework; includeInIndex = 0; path = Pods_Weather.framework; sourceTree = BUILT_PRODUCTS_DIR; };
		A707CD960632FEF65E9C9AA8 /* Pods-Weather.debug.xcconfig */ = {isa = PBXFileReference; includeInIndex = 1; lastKnownFileType = text.xcconfig; name = "Pods-Weather.debug.xcconfig"; path = "Target Support Files/Pods-Weather/Pods-Weather.debug.xcconfig"; sourceTree = "<group>"; };
		E8DA1238AC1310682960DCE6 /* Pods-Weather-WeatherUITests.debug.xcconfig */ = {isa = PBXFileReference; includeInIndex = 1; lastKnownFileType = text.xcconfig; name = "Pods-Weather-WeatherUITests.debug.xcconfig"; path = "Target Support Files/Pods-Weather-WeatherUITests/Pods-Weather-WeatherUITests.debug.xcconfig"; sourceTree = "<group>"; };
		EE03558A75820305E9DF41BD /* Pods-Weather.release.xcconfig */ = {isa = PBXFileReference; includeInIndex = 1; lastKnownFileType = text.xcconfig; name = "Pods-Weather.release.xcconfig"; path = "Target Support Files/Pods-Weather/Pods-Weather.release.xcconfig"; sourceTree = "<group>"; };
		F8110A56CE6011D11A742026 /* Pods-WeatherTests.debug.xcconfig */ = {isa = PBXFileReference; includeInIndex = 1; lastKnownFileType = text.xcconfig; name = "Pods-WeatherTests.debug.xcconfig"; path = "Target Support Files/Pods-WeatherTests/Pods-WeatherTests.debug.xcconfig"; sourceTree = "<group>"; };
/* End PBXFileReference section */

/* Begin PBXFrameworksBuildPhase section */
		5D4B96A523F6E27600834630 /* Frameworks */ = {
			isa = PBXFrameworksBuildPhase;
			buildActionMask = 2147483647;
			files = (
				9E0C30092A8E666C43646BB7 /* Pods_Weather.framework in Frameworks */,
			);
			runOnlyForDeploymentPostprocessing = 0;
		};
		5D4B96BB23F6E27900834630 /* Frameworks */ = {
			isa = PBXFrameworksBuildPhase;
			buildActionMask = 2147483647;
			files = (
				C46912385FFC09C767E67EE5 /* Pods_WeatherTests.framework in Frameworks */,
			);
			runOnlyForDeploymentPostprocessing = 0;
		};
		5D4B96C623F6E27900834630 /* Frameworks */ = {
			isa = PBXFrameworksBuildPhase;
			buildActionMask = 2147483647;
			files = (
				A7A05207250AE853F6EC9BC6 /* Pods_Weather_WeatherUITests.framework in Frameworks */,
			);
			runOnlyForDeploymentPostprocessing = 0;
		};
/* End PBXFrameworksBuildPhase section */

/* Begin PBXGroup section */
		5D4B969F23F6E27600834630 = {
			isa = PBXGroup;
			children = (
				5D4B96AA23F6E27600834630 /* Weather */,
				5D4B96C123F6E27900834630 /* WeatherTests */,
				5D4B96CC23F6E27900834630 /* WeatherUITests */,
				5D4B96A923F6E27600834630 /* Products */,
				F778A0DD3DFAE6D8F2B7C9B2 /* Pods */,
				63232A334135B1BF9A5AFB7E /* Frameworks */,
			);
			sourceTree = "<group>";
		};
		5D4B96A923F6E27600834630 /* Products */ = {
			isa = PBXGroup;
			children = (
				5D4B96A823F6E27600834630 /* Weather.app */,
				5D4B96BE23F6E27900834630 /* WeatherTests.xctest */,
				5D4B96C923F6E27900834630 /* WeatherUITests.xctest */,
			);
			name = Products;
			sourceTree = "<group>";
		};
		5D4B96AA23F6E27600834630 /* Weather */ = {
			isa = PBXGroup;
			children = (
				5D4B96DD23F6EE1800834630 /* Common */,
				5DBAA55F23F6F54000464355 /* Feature */,
				5D4B96AB23F6E27600834630 /* AppDelegate.swift */,
				5D4B96AD23F6E27600834630 /* SceneDelegate.swift */,
				5D4B96AF23F6E27600834630 /* ViewController.swift */,
				5D4B96B123F6E27600834630 /* Main.storyboard */,
				5D4B96B423F6E27800834630 /* Assets.xcassets */,
				5D4B96B623F6E27800834630 /* LaunchScreen.storyboard */,
				5D4B96B923F6E27800834630 /* Info.plist */,
			);
			path = Weather;
			sourceTree = "<group>";
		};
		5D4B96C123F6E27900834630 /* WeatherTests */ = {
			isa = PBXGroup;
			children = (
				5D4B96C223F6E27900834630 /* WeatherTests.swift */,
				5D4B96C423F6E27900834630 /* Info.plist */,
			);
			path = WeatherTests;
			sourceTree = "<group>";
		};
		5D4B96CC23F6E27900834630 /* WeatherUITests */ = {
			isa = PBXGroup;
			children = (
				5D4B96CD23F6E27900834630 /* WeatherUITests.swift */,
				5D4B96CF23F6E27900834630 /* Info.plist */,
			);
			path = WeatherUITests;
			sourceTree = "<group>";
		};
		5D4B96DC23F6EE0600834630 /* NetworkService */ = {
			isa = PBXGroup;
			children = (
				5DBAA56423F701A400464355 /* ApiService.swift */,
				5DBAA56623F7042000464355 /* NetworkService.swift */,
				5DACE58123F72E0A00AB1125 /* ApiError.swift */,
			);
			path = NetworkService;
			sourceTree = "<group>";
		};
		5D4B96DD23F6EE1800834630 /* Common */ = {
			isa = PBXGroup;
			children = (
				5DBAA56823F704CD00464355 /* Resources */,
				5DBAA55E23F6F52300464355 /* Utils */,
				5DBAA55D23F6F51A00464355 /* View */,
				5DBAA56023F6F56A00464355 /* Model */,
				5D4B96DC23F6EE0600834630 /* NetworkService */,
			);
			path = Common;
			sourceTree = "<group>";
		};
		5DBAA55C23F6F51100464355 /* Extension */ = {
			isa = PBXGroup;
			children = (
				5DACE58323F730E300AB1125 /* ViewController.swift */,
				5DACE58523F730F900AB1125 /* UITableView.swift */,
				5DACE58723F7312600AB1125 /* UIAlertController.swift */,
				5DACE58923F7313800AB1125 /* String.swift */,
			);
			path = Extension;
			sourceTree = "<group>";
		};
		5DBAA55D23F6F51A00464355 /* View */ = {
			isa = PBXGroup;
			children = (
			);
			path = View;
			sourceTree = "<group>";
		};
		5DBAA55E23F6F52300464355 /* Utils */ = {
			isa = PBXGroup;
			children = (
				5DBAA55C23F6F51100464355 /* Extension */,
				5DBAA56A23F7067400464355 /* Tools */,
			);
			path = Utils;
			sourceTree = "<group>";
		};
		5DBAA55F23F6F54000464355 /* Feature */ = {
			isa = PBXGroup;
			children = (
				5DBAA56E23F712A900464355 /* Detail */,
				5DBAA56D23F7129A00464355 /* Main */,
			);
			path = Feature;
			sourceTree = "<group>";
		};
		5DBAA56023F6F56A00464355 /* Model */ = {
			isa = PBXGroup;
			children = (
				5DBAA57423F7219E00464355 /* Response */,
				5DBAA57323F7219100464355 /* Request */,
			);
			path = Model;
			sourceTree = "<group>";
		};
		5DBAA56123F6F56F00464355 /* ViewModel */ = {
			isa = PBXGroup;
			children = (
			);
			path = ViewModel;
			sourceTree = "<group>";
		};
		5DBAA56223F6F57C00464355 /* Interactor */ = {
			isa = PBXGroup;
			children = (
			);
			path = Interactor;
			sourceTree = "<group>";
		};
		5DBAA56323F6F58300464355 /* ViewController */ = {
			isa = PBXGroup;
			children = (
			);
			path = ViewController;
			sourceTree = "<group>";
		};
		5DBAA56823F704CD00464355 /* Resources */ = {
			isa = PBXGroup;
			children = (
				5DBAA56923F7054B00464355 /* JSONFile */,
			);
			path = Resources;
			sourceTree = "<group>";
		};
		5DBAA56923F7054B00464355 /* JSONFile */ = {
			isa = PBXGroup;
			children = (
			);
			path = JSONFile;
			sourceTree = "<group>";
		};
		5DBAA56A23F7067400464355 /* Tools */ = {
			isa = PBXGroup;
			children = (
				5DBAA56B23F7082500464355 /* Constants.swift */,
			);
			path = Tools;
			sourceTree = "<group>";
		};
		5DBAA56D23F7129A00464355 /* Main */ = {
			isa = PBXGroup;
			children = (
				5DBAA56323F6F58300464355 /* ViewController */,
				5DBAA56223F6F57C00464355 /* Interactor */,
				5DBAA56123F6F56F00464355 /* ViewModel */,
			);
			path = Main;
			sourceTree = "<group>";
		};
		5DBAA56E23F712A900464355 /* Detail */ = {
			isa = PBXGroup;
			children = (
			);
			path = Detail;
			sourceTree = "<group>";
		};
		5DBAA57323F7219100464355 /* Request */ = {
			isa = PBXGroup;
			children = (
				5DBAA56F23F71AEE00464355 /* LatLongReq.swift */,
				5DACE57F23F72A0500AB1125 /* QueryCityReq.swift */,
			);
			path = Request;
			sourceTree = "<group>";
		};
		5DBAA57423F7219E00464355 /* Response */ = {
			isa = PBXGroup;
			children = (
			);
			path = Response;
			sourceTree = "<group>";
		};
		63232A334135B1BF9A5AFB7E /* Frameworks */ = {
			isa = PBXGroup;
			children = (
				963AC9EC297FE6C759BBE313 /* Pods_Weather.framework */,
				7F5715518A68175853CD2156 /* Pods_Weather_WeatherUITests.framework */,
				2A79887EAE0328FC182E1B7D /* Pods_WeatherTests.framework */,
			);
			name = Frameworks;
			sourceTree = "<group>";
		};
		F778A0DD3DFAE6D8F2B7C9B2 /* Pods */ = {
			isa = PBXGroup;
			children = (
				A707CD960632FEF65E9C9AA8 /* Pods-Weather.debug.xcconfig */,
				EE03558A75820305E9DF41BD /* Pods-Weather.release.xcconfig */,
				E8DA1238AC1310682960DCE6 /* Pods-Weather-WeatherUITests.debug.xcconfig */,
				925FCE0C0851766444296FC1 /* Pods-Weather-WeatherUITests.release.xcconfig */,
				F8110A56CE6011D11A742026 /* Pods-WeatherTests.debug.xcconfig */,
				0F3815391587C3E01E0B880B /* Pods-WeatherTests.release.xcconfig */,
			);
			path = Pods;
			sourceTree = "<group>";
		};
/* End PBXGroup section */

/* Begin PBXNativeTarget section */
		5D4B96A723F6E27600834630 /* Weather */ = {
			isa = PBXNativeTarget;
			buildConfigurationList = 5D4B96D223F6E27900834630 /* Build configuration list for PBXNativeTarget "Weather" */;
			buildPhases = (
				83B475A0ED8B34C2A9147949 /* [CP] Check Pods Manifest.lock */,
				5D4B96A423F6E27600834630 /* Sources */,
				5D4B96A523F6E27600834630 /* Frameworks */,
				5D4B96A623F6E27600834630 /* Resources */,
				C8A0D5B4A8C8E03F17D93F34 /* [CP] Embed Pods Frameworks */,
				42C322D7B69F320B9D6D217C /* [CP] Copy Pods Resources */,
			);
			buildRules = (
			);
			dependencies = (
			);
			name = Weather;
			productName = Weather;
			productReference = 5D4B96A823F6E27600834630 /* Weather.app */;
			productType = "com.apple.product-type.application";
		};
		5D4B96BD23F6E27900834630 /* WeatherTests */ = {
			isa = PBXNativeTarget;
			buildConfigurationList = 5D4B96D523F6E27900834630 /* Build configuration list for PBXNativeTarget "WeatherTests" */;
			buildPhases = (
				848877C977F2B38FD383CF64 /* [CP] Check Pods Manifest.lock */,
				5D4B96BA23F6E27900834630 /* Sources */,
				5D4B96BB23F6E27900834630 /* Frameworks */,
				5D4B96BC23F6E27900834630 /* Resources */,
			);
			buildRules = (
			);
			dependencies = (
				5D4B96C023F6E27900834630 /* PBXTargetDependency */,
			);
			name = WeatherTests;
			productName = WeatherTests;
			productReference = 5D4B96BE23F6E27900834630 /* WeatherTests.xctest */;
			productType = "com.apple.product-type.bundle.unit-test";
		};
		5D4B96C823F6E27900834630 /* WeatherUITests */ = {
			isa = PBXNativeTarget;
			buildConfigurationList = 5D4B96D823F6E27900834630 /* Build configuration list for PBXNativeTarget "WeatherUITests" */;
			buildPhases = (
				422A5CB951937D7CFC2AAB0A /* [CP] Check Pods Manifest.lock */,
				5D4B96C523F6E27900834630 /* Sources */,
				5D4B96C623F6E27900834630 /* Frameworks */,
				5D4B96C723F6E27900834630 /* Resources */,
				7A3A1ED07B4F9A968C5277B4 /* [CP] Embed Pods Frameworks */,
				4158605B5AF51EF057EF1E8E /* [CP] Copy Pods Resources */,
			);
			buildRules = (
			);
			dependencies = (
				5D4B96CB23F6E27900834630 /* PBXTargetDependency */,
			);
			name = WeatherUITests;
			productName = WeatherUITests;
			productReference = 5D4B96C923F6E27900834630 /* WeatherUITests.xctest */;
			productType = "com.apple.product-type.bundle.ui-testing";
		};
/* End PBXNativeTarget section */

/* Begin PBXProject section */
		5D4B96A023F6E27600834630 /* Project object */ = {
			isa = PBXProject;
			attributes = {
				LastSwiftUpdateCheck = 1130;
				LastUpgradeCheck = 1130;
				ORGANIZATIONNAME = "Raju Riyanda";
				TargetAttributes = {
					5D4B96A723F6E27600834630 = {
						CreatedOnToolsVersion = 11.3.1;
					};
					5D4B96BD23F6E27900834630 = {
						CreatedOnToolsVersion = 11.3.1;
						TestTargetID = 5D4B96A723F6E27600834630;
					};
					5D4B96C823F6E27900834630 = {
						CreatedOnToolsVersion = 11.3.1;
						TestTargetID = 5D4B96A723F6E27600834630;
					};
				};
			};
			buildConfigurationList = 5D4B96A323F6E27600834630 /* Build configuration list for PBXProject "Weather" */;
			compatibilityVersion = "Xcode 9.3";
			developmentRegion = en;
			hasScannedForEncodings = 0;
			knownRegions = (
				en,
				Base,
			);
			mainGroup = 5D4B969F23F6E27600834630;
			productRefGroup = 5D4B96A923F6E27600834630 /* Products */;
			projectDirPath = "";
			projectRoot = "";
			targets = (
				5D4B96A723F6E27600834630 /* Weather */,
				5D4B96BD23F6E27900834630 /* WeatherTests */,
				5D4B96C823F6E27900834630 /* WeatherUITests */,
			);
		};
/* End PBXProject section */

/* Begin PBXResourcesBuildPhase section */
		5D4B96A623F6E27600834630 /* Resources */ = {
			isa = PBXResourcesBuildPhase;
			buildActionMask = 2147483647;
			files = (
				5D4B96B823F6E27800834630 /* LaunchScreen.storyboard in Resources */,
				5D4B96B523F6E27800834630 /* Assets.xcassets in Resources */,
				5D4B96B323F6E27600834630 /* Main.storyboard in Resources */,
			);
			runOnlyForDeploymentPostprocessing = 0;
		};
		5D4B96BC23F6E27900834630 /* Resources */ = {
			isa = PBXResourcesBuildPhase;
			buildActionMask = 2147483647;
			files = (
			);
			runOnlyForDeploymentPostprocessing = 0;
		};
		5D4B96C723F6E27900834630 /* Resources */ = {
			isa = PBXResourcesBuildPhase;
			buildActionMask = 2147483647;
			files = (
			);
			runOnlyForDeploymentPostprocessing = 0;
		};
/* End PBXResourcesBuildPhase section */

/* Begin PBXShellScriptBuildPhase section */
		4158605B5AF51EF057EF1E8E /* [CP] Copy Pods Resources */ = {
			isa = PBXShellScriptBuildPhase;
			buildActionMask = 2147483647;
			files = (
			);
			inputFileListPaths = (
				"${PODS_ROOT}/Target Support Files/Pods-Weather-WeatherUITests/Pods-Weather-WeatherUITests-resources-${CONFIGURATION}-input-files.xcfilelist",
			);
			name = "[CP] Copy Pods Resources";
			outputFileListPaths = (
				"${PODS_ROOT}/Target Support Files/Pods-Weather-WeatherUITests/Pods-Weather-WeatherUITests-resources-${CONFIGURATION}-output-files.xcfilelist",
			);
			runOnlyForDeploymentPostprocessing = 0;
			shellPath = /bin/sh;
			shellScript = "\"${PODS_ROOT}/Target Support Files/Pods-Weather-WeatherUITests/Pods-Weather-WeatherUITests-resources.sh\"\n";
			showEnvVarsInLog = 0;
		};
		422A5CB951937D7CFC2AAB0A /* [CP] Check Pods Manifest.lock */ = {
			isa = PBXShellScriptBuildPhase;
			buildActionMask = 2147483647;
			files = (
			);
			inputFileListPaths = (
			);
			inputPaths = (
				"${PODS_PODFILE_DIR_PATH}/Podfile.lock",
				"${PODS_ROOT}/Manifest.lock",
			);
			name = "[CP] Check Pods Manifest.lock";
			outputFileListPaths = (
			);
			outputPaths = (
				"$(DERIVED_FILE_DIR)/Pods-Weather-WeatherUITests-checkManifestLockResult.txt",
			);
			runOnlyForDeploymentPostprocessing = 0;
			shellPath = /bin/sh;
			shellScript = "diff \"${PODS_PODFILE_DIR_PATH}/Podfile.lock\" \"${PODS_ROOT}/Manifest.lock\" > /dev/null\nif [ $? != 0 ] ; then\n    # print error to STDERR\n    echo \"error: The sandbox is not in sync with the Podfile.lock. Run 'pod install' or update your CocoaPods installation.\" >&2\n    exit 1\nfi\n# This output is used by Xcode 'outputs' to avoid re-running this script phase.\necho \"SUCCESS\" > \"${SCRIPT_OUTPUT_FILE_0}\"\n";
			showEnvVarsInLog = 0;
		};
		42C322D7B69F320B9D6D217C /* [CP] Copy Pods Resources */ = {
			isa = PBXShellScriptBuildPhase;
			buildActionMask = 2147483647;
			files = (
			);
			inputFileListPaths = (
				"${PODS_ROOT}/Target Support Files/Pods-Weather/Pods-Weather-resources-${CONFIGURATION}-input-files.xcfilelist",
			);
			name = "[CP] Copy Pods Resources";
			outputFileListPaths = (
				"${PODS_ROOT}/Target Support Files/Pods-Weather/Pods-Weather-resources-${CONFIGURATION}-output-files.xcfilelist",
			);
			runOnlyForDeploymentPostprocessing = 0;
			shellPath = /bin/sh;
			shellScript = "\"${PODS_ROOT}/Target Support Files/Pods-Weather/Pods-Weather-resources.sh\"\n";
			showEnvVarsInLog = 0;
		};
		7A3A1ED07B4F9A968C5277B4 /* [CP] Embed Pods Frameworks */ = {
			isa = PBXShellScriptBuildPhase;
			buildActionMask = 2147483647;
			files = (
			);
			inputFileListPaths = (
				"${PODS_ROOT}/Target Support Files/Pods-Weather-WeatherUITests/Pods-Weather-WeatherUITests-frameworks-${CONFIGURATION}-input-files.xcfilelist",
			);
			name = "[CP] Embed Pods Frameworks";
			outputFileListPaths = (
				"${PODS_ROOT}/Target Support Files/Pods-Weather-WeatherUITests/Pods-Weather-WeatherUITests-frameworks-${CONFIGURATION}-output-files.xcfilelist",
			);
			runOnlyForDeploymentPostprocessing = 0;
			shellPath = /bin/sh;
			shellScript = "\"${PODS_ROOT}/Target Support Files/Pods-Weather-WeatherUITests/Pods-Weather-WeatherUITests-frameworks.sh\"\n";
			showEnvVarsInLog = 0;
		};
		83B475A0ED8B34C2A9147949 /* [CP] Check Pods Manifest.lock */ = {
			isa = PBXShellScriptBuildPhase;
			buildActionMask = 2147483647;
			files = (
			);
			inputFileListPaths = (
			);
			inputPaths = (
				"${PODS_PODFILE_DIR_PATH}/Podfile.lock",
				"${PODS_ROOT}/Manifest.lock",
			);
			name = "[CP] Check Pods Manifest.lock";
			outputFileListPaths = (
			);
			outputPaths = (
				"$(DERIVED_FILE_DIR)/Pods-Weather-checkManifestLockResult.txt",
			);
			runOnlyForDeploymentPostprocessing = 0;
			shellPath = /bin/sh;
			shellScript = "diff \"${PODS_PODFILE_DIR_PATH}/Podfile.lock\" \"${PODS_ROOT}/Manifest.lock\" > /dev/null\nif [ $? != 0 ] ; then\n    # print error to STDERR\n    echo \"error: The sandbox is not in sync with the Podfile.lock. Run 'pod install' or update your CocoaPods installation.\" >&2\n    exit 1\nfi\n# This output is used by Xcode 'outputs' to avoid re-running this script phase.\necho \"SUCCESS\" > \"${SCRIPT_OUTPUT_FILE_0}\"\n";
			showEnvVarsInLog = 0;
		};
		848877C977F2B38FD383CF64 /* [CP] Check Pods Manifest.lock */ = {
			isa = PBXShellScriptBuildPhase;
			buildActionMask = 2147483647;
			files = (
			);
			inputFileListPaths = (
			);
			inputPaths = (
				"${PODS_PODFILE_DIR_PATH}/Podfile.lock",
				"${PODS_ROOT}/Manifest.lock",
			);
			name = "[CP] Check Pods Manifest.lock";
			outputFileListPaths = (
			);
			outputPaths = (
				"$(DERIVED_FILE_DIR)/Pods-WeatherTests-checkManifestLockResult.txt",
			);
			runOnlyForDeploymentPostprocessing = 0;
			shellPath = /bin/sh;
			shellScript = "diff \"${PODS_PODFILE_DIR_PATH}/Podfile.lock\" \"${PODS_ROOT}/Manifest.lock\" > /dev/null\nif [ $? != 0 ] ; then\n    # print error to STDERR\n    echo \"error: The sandbox is not in sync with the Podfile.lock. Run 'pod install' or update your CocoaPods installation.\" >&2\n    exit 1\nfi\n# This output is used by Xcode 'outputs' to avoid re-running this script phase.\necho \"SUCCESS\" > \"${SCRIPT_OUTPUT_FILE_0}\"\n";
			showEnvVarsInLog = 0;
		};
		C8A0D5B4A8C8E03F17D93F34 /* [CP] Embed Pods Frameworks */ = {
			isa = PBXShellScriptBuildPhase;
			buildActionMask = 2147483647;
			files = (
			);
			inputFileListPaths = (
				"${PODS_ROOT}/Target Support Files/Pods-Weather/Pods-Weather-frameworks-${CONFIGURATION}-input-files.xcfilelist",
			);
			name = "[CP] Embed Pods Frameworks";
			outputFileListPaths = (
				"${PODS_ROOT}/Target Support Files/Pods-Weather/Pods-Weather-frameworks-${CONFIGURATION}-output-files.xcfilelist",
			);
			runOnlyForDeploymentPostprocessing = 0;
			shellPath = /bin/sh;
			shellScript = "\"${PODS_ROOT}/Target Support Files/Pods-Weather/Pods-Weather-frameworks.sh\"\n";
			showEnvVarsInLog = 0;
		};
/* End PBXShellScriptBuildPhase section */

/* Begin PBXSourcesBuildPhase section */
		5D4B96A423F6E27600834630 /* Sources */ = {
			isa = PBXSourcesBuildPhase;
			buildActionMask = 2147483647;
			files = (
				5DBAA56723F7042000464355 /* NetworkService.swift in Sources */,
				5DACE58A23F7313800AB1125 /* String.swift in Sources */,
				5D4B96B023F6E27600834630 /* ViewController.swift in Sources */,
				5D4B96AC23F6E27600834630 /* AppDelegate.swift in Sources */,
				5DBAA56523F701A400464355 /* ApiService.swift in Sources */,
				5DACE58823F7312600AB1125 /* UIAlertController.swift in Sources */,
				5DACE58023F72A0500AB1125 /* QueryCityReq.swift in Sources */,
				5DACE58223F72E0A00AB1125 /* ApiError.swift in Sources */,
				5D4B96AE23F6E27600834630 /* SceneDelegate.swift in Sources */,
				5DACE58623F730F900AB1125 /* UITableView.swift in Sources */,
				5DBAA56C23F7082500464355 /* Constants.swift in Sources */,
				5DBAA57023F71AEE00464355 /* LatLongReq.swift in Sources */,
				5DACE58423F730E300AB1125 /* ViewController.swift in Sources */,
			);
			runOnlyForDeploymentPostprocessing = 0;
		};
		5D4B96BA23F6E27900834630 /* Sources */ = {
			isa = PBXSourcesBuildPhase;
			buildActionMask = 2147483647;
			files = (
				5D4B96C323F6E27900834630 /* WeatherTests.swift in Sources */,
			);
			runOnlyForDeploymentPostprocessing = 0;
		};
		5D4B96C523F6E27900834630 /* Sources */ = {
			isa = PBXSourcesBuildPhase;
			buildActionMask = 2147483647;
			files = (
				5D4B96CE23F6E27900834630 /* WeatherUITests.swift in Sources */,
			);
			runOnlyForDeploymentPostprocessing = 0;
		};
/* End PBXSourcesBuildPhase section */

/* Begin PBXTargetDependency section */
		5D4B96C023F6E27900834630 /* PBXTargetDependency */ = {
			isa = PBXTargetDependency;
			target = 5D4B96A723F6E27600834630 /* Weather */;
			targetProxy = 5D4B96BF23F6E27900834630 /* PBXContainerItemProxy */;
		};
		5D4B96CB23F6E27900834630 /* PBXTargetDependency */ = {
			isa = PBXTargetDependency;
			target = 5D4B96A723F6E27600834630 /* Weather */;
			targetProxy = 5D4B96CA23F6E27900834630 /* PBXContainerItemProxy */;
		};
/* End PBXTargetDependency section */

/* Begin PBXVariantGroup section */
		5D4B96B123F6E27600834630 /* Main.storyboard */ = {
			isa = PBXVariantGroup;
			children = (
				5D4B96B223F6E27600834630 /* Base */,
			);
			name = Main.storyboard;
			sourceTree = "<group>";
		};
		5D4B96B623F6E27800834630 /* LaunchScreen.storyboard */ = {
			isa = PBXVariantGroup;
			children = (
				5D4B96B723F6E27800834630 /* Base */,
			);
			name = LaunchScreen.storyboard;
			sourceTree = "<group>";
		};
/* End PBXVariantGroup section */

/* Begin XCBuildConfiguration section */
		5D4B96D023F6E27900834630 /* Debug */ = {
			isa = XCBuildConfiguration;
			buildSettings = {
				ALWAYS_SEARCH_USER_PATHS = NO;
				CLANG_ANALYZER_NONNULL = YES;
				CLANG_ANALYZER_NUMBER_OBJECT_CONVERSION = YES_AGGRESSIVE;
				CLANG_CXX_LANGUAGE_STANDARD = "gnu++14";
				CLANG_CXX_LIBRARY = "libc++";
				CLANG_ENABLE_MODULES = YES;
				CLANG_ENABLE_OBJC_ARC = YES;
				CLANG_ENABLE_OBJC_WEAK = YES;
				CLANG_WARN_BLOCK_CAPTURE_AUTORELEASING = YES;
				CLANG_WARN_BOOL_CONVERSION = YES;
				CLANG_WARN_COMMA = YES;
				CLANG_WARN_CONSTANT_CONVERSION = YES;
				CLANG_WARN_DEPRECATED_OBJC_IMPLEMENTATIONS = YES;
				CLANG_WARN_DIRECT_OBJC_ISA_USAGE = YES_ERROR;
				CLANG_WARN_DOCUMENTATION_COMMENTS = YES;
				CLANG_WARN_EMPTY_BODY = YES;
				CLANG_WARN_ENUM_CONVERSION = YES;
				CLANG_WARN_INFINITE_RECURSION = YES;
				CLANG_WARN_INT_CONVERSION = YES;
				CLANG_WARN_NON_LITERAL_NULL_CONVERSION = YES;
				CLANG_WARN_OBJC_IMPLICIT_RETAIN_SELF = YES;
				CLANG_WARN_OBJC_LITERAL_CONVERSION = YES;
				CLANG_WARN_OBJC_ROOT_CLASS = YES_ERROR;
				CLANG_WARN_RANGE_LOOP_ANALYSIS = YES;
				CLANG_WARN_STRICT_PROTOTYPES = YES;
				CLANG_WARN_SUSPICIOUS_MOVE = YES;
				CLANG_WARN_UNGUARDED_AVAILABILITY = YES_AGGRESSIVE;
				CLANG_WARN_UNREACHABLE_CODE = YES;
				CLANG_WARN__DUPLICATE_METHOD_MATCH = YES;
				COPY_PHASE_STRIP = NO;
				DEBUG_INFORMATION_FORMAT = dwarf;
				ENABLE_STRICT_OBJC_MSGSEND = YES;
				ENABLE_TESTABILITY = YES;
				GCC_C_LANGUAGE_STANDARD = gnu11;
				GCC_DYNAMIC_NO_PIC = NO;
				GCC_NO_COMMON_BLOCKS = YES;
				GCC_OPTIMIZATION_LEVEL = 0;
				GCC_PREPROCESSOR_DEFINITIONS = (
					"DEBUG=1",
					"$(inherited)",
				);
				GCC_WARN_64_TO_32_BIT_CONVERSION = YES;
				GCC_WARN_ABOUT_RETURN_TYPE = YES_ERROR;
				GCC_WARN_UNDECLARED_SELECTOR = YES;
				GCC_WARN_UNINITIALIZED_AUTOS = YES_AGGRESSIVE;
				GCC_WARN_UNUSED_FUNCTION = YES;
				GCC_WARN_UNUSED_VARIABLE = YES;
				IPHONEOS_DEPLOYMENT_TARGET = 13.2;
				MTL_ENABLE_DEBUG_INFO = INCLUDE_SOURCE;
				MTL_FAST_MATH = YES;
				ONLY_ACTIVE_ARCH = YES;
				SDKROOT = iphoneos;
				SWIFT_ACTIVE_COMPILATION_CONDITIONS = DEBUG;
				SWIFT_OPTIMIZATION_LEVEL = "-Onone";
			};
			name = Debug;
		};
		5D4B96D123F6E27900834630 /* Release */ = {
			isa = XCBuildConfiguration;
			buildSettings = {
				ALWAYS_SEARCH_USER_PATHS = NO;
				CLANG_ANALYZER_NONNULL = YES;
				CLANG_ANALYZER_NUMBER_OBJECT_CONVERSION = YES_AGGRESSIVE;
				CLANG_CXX_LANGUAGE_STANDARD = "gnu++14";
				CLANG_CXX_LIBRARY = "libc++";
				CLANG_ENABLE_MODULES = YES;
				CLANG_ENABLE_OBJC_ARC = YES;
				CLANG_ENABLE_OBJC_WEAK = YES;
				CLANG_WARN_BLOCK_CAPTURE_AUTORELEASING = YES;
				CLANG_WARN_BOOL_CONVERSION = YES;
				CLANG_WARN_COMMA = YES;
				CLANG_WARN_CONSTANT_CONVERSION = YES;
				CLANG_WARN_DEPRECATED_OBJC_IMPLEMENTATIONS = YES;
				CLANG_WARN_DIRECT_OBJC_ISA_USAGE = YES_ERROR;
				CLANG_WARN_DOCUMENTATION_COMMENTS = YES;
				CLANG_WARN_EMPTY_BODY = YES;
				CLANG_WARN_ENUM_CONVERSION = YES;
				CLANG_WARN_INFINITE_RECURSION = YES;
				CLANG_WARN_INT_CONVERSION = YES;
				CLANG_WARN_NON_LITERAL_NULL_CONVERSION = YES;
				CLANG_WARN_OBJC_IMPLICIT_RETAIN_SELF = YES;
				CLANG_WARN_OBJC_LITERAL_CONVERSION = YES;
				CLANG_WARN_OBJC_ROOT_CLASS = YES_ERROR;
				CLANG_WARN_RANGE_LOOP_ANALYSIS = YES;
				CLANG_WARN_STRICT_PROTOTYPES = YES;
				CLANG_WARN_SUSPICIOUS_MOVE = YES;
				CLANG_WARN_UNGUARDED_AVAILABILITY = YES_AGGRESSIVE;
				CLANG_WARN_UNREACHABLE_CODE = YES;
				CLANG_WARN__DUPLICATE_METHOD_MATCH = YES;
				COPY_PHASE_STRIP = NO;
				DEBUG_INFORMATION_FORMAT = "dwarf-with-dsym";
				ENABLE_NS_ASSERTIONS = NO;
				ENABLE_STRICT_OBJC_MSGSEND = YES;
				GCC_C_LANGUAGE_STANDARD = gnu11;
				GCC_NO_COMMON_BLOCKS = YES;
				GCC_WARN_64_TO_32_BIT_CONVERSION = YES;
				GCC_WARN_ABOUT_RETURN_TYPE = YES_ERROR;
				GCC_WARN_UNDECLARED_SELECTOR = YES;
				GCC_WARN_UNINITIALIZED_AUTOS = YES_AGGRESSIVE;
				GCC_WARN_UNUSED_FUNCTION = YES;
				GCC_WARN_UNUSED_VARIABLE = YES;
				IPHONEOS_DEPLOYMENT_TARGET = 13.2;
				MTL_ENABLE_DEBUG_INFO = NO;
				MTL_FAST_MATH = YES;
				SDKROOT = iphoneos;
				SWIFT_COMPILATION_MODE = wholemodule;
				SWIFT_OPTIMIZATION_LEVEL = "-O";
				VALIDATE_PRODUCT = YES;
			};
			name = Release;
		};
		5D4B96D323F6E27900834630 /* Debug */ = {
			isa = XCBuildConfiguration;
			baseConfigurationReference = A707CD960632FEF65E9C9AA8 /* Pods-Weather.debug.xcconfig */;
			buildSettings = {
				APP_ID = 56478ae6272c80f150e2f5b48e0028ce;
				ASSETCATALOG_COMPILER_APPICON_NAME = AppIcon;
				BASE_URL = "https://api.openweathermap.org/data/2.5/";
				CODE_SIGN_STYLE = Automatic;
				DEVELOPMENT_TEAM = YK52W7Z6K7;
				IMAGE_URL = "http://openweathermap.org/";
				INFOPLIST_FILE = Weather/Info.plist;
				LD_RUNPATH_SEARCH_PATHS = (
					"$(inherited)",
					"@executable_path/Frameworks",
				);
				PRODUCT_BUNDLE_IDENTIFIER = com.indivara.Weather;
				PRODUCT_NAME = "$(TARGET_NAME)";
				SWIFT_VERSION = 5.0;
				TARGETED_DEVICE_FAMILY = "1,2";
			};
			name = Debug;
		};
		5D4B96D423F6E27900834630 /* Release */ = {
			isa = XCBuildConfiguration;
			baseConfigurationReference = EE03558A75820305E9DF41BD /* Pods-Weather.release.xcconfig */;
			buildSettings = {
				APP_ID = 56478ae6272c80f150e2f5b48e0028ce;
				ASSETCATALOG_COMPILER_APPICON_NAME = AppIcon;
				BASE_URL = "https://api.openweathermap.org/data/2.5/";
				CODE_SIGN_STYLE = Automatic;
				DEVELOPMENT_TEAM = YK52W7Z6K7;
				IMAGE_URL = "http://openweathermap.org/";
				INFOPLIST_FILE = Weather/Info.plist;
				LD_RUNPATH_SEARCH_PATHS = (
					"$(inherited)",
					"@executable_path/Frameworks",
				);
				PRODUCT_BUNDLE_IDENTIFIER = com.indivara.Weather;
				PRODUCT_NAME = "$(TARGET_NAME)";
				SWIFT_VERSION = 5.0;
				TARGETED_DEVICE_FAMILY = "1,2";
			};
			name = Release;
		};
		5D4B96D623F6E27900834630 /* Debug */ = {
			isa = XCBuildConfiguration;
			baseConfigurationReference = F8110A56CE6011D11A742026 /* Pods-WeatherTests.debug.xcconfig */;
			buildSettings = {
				ALWAYS_EMBED_SWIFT_STANDARD_LIBRARIES = YES;
				BUNDLE_LOADER = "$(TEST_HOST)";
				CODE_SIGN_STYLE = Automatic;
				DEVELOPMENT_TEAM = YK52W7Z6K7;
				INFOPLIST_FILE = WeatherTests/Info.plist;
				IPHONEOS_DEPLOYMENT_TARGET = 13.2;
				LD_RUNPATH_SEARCH_PATHS = (
					"$(inherited)",
					"@executable_path/Frameworks",
					"@loader_path/Frameworks",
				);
				PRODUCT_BUNDLE_IDENTIFIER = com.indivara.WeatherTests;
				PRODUCT_NAME = "$(TARGET_NAME)";
				SWIFT_VERSION = 5.0;
				TARGETED_DEVICE_FAMILY = "1,2";
				TEST_HOST = "$(BUILT_PRODUCTS_DIR)/Weather.app/Weather";
			};
			name = Debug;
		};
		5D4B96D723F6E27900834630 /* Release */ = {
			isa = XCBuildConfiguration;
			baseConfigurationReference = 0F3815391587C3E01E0B880B /* Pods-WeatherTests.release.xcconfig */;
			buildSettings = {
				ALWAYS_EMBED_SWIFT_STANDARD_LIBRARIES = YES;
				BUNDLE_LOADER = "$(TEST_HOST)";
				CODE_SIGN_STYLE = Automatic;
				DEVELOPMENT_TEAM = YK52W7Z6K7;
				INFOPLIST_FILE = WeatherTests/Info.plist;
				IPHONEOS_DEPLOYMENT_TARGET = 13.2;
				LD_RUNPATH_SEARCH_PATHS = (
					"$(inherited)",
					"@executable_path/Frameworks",
					"@loader_path/Frameworks",
				);
				PRODUCT_BUNDLE_IDENTIFIER = com.indivara.WeatherTests;
				PRODUCT_NAME = "$(TARGET_NAME)";
				SWIFT_VERSION = 5.0;
				TARGETED_DEVICE_FAMILY = "1,2";
				TEST_HOST = "$(BUILT_PRODUCTS_DIR)/Weather.app/Weather";
			};
			name = Release;
		};
		5D4B96D923F6E27900834630 /* Debug */ = {
			isa = XCBuildConfiguration;
			baseConfigurationReference = E8DA1238AC1310682960DCE6 /* Pods-Weather-WeatherUITests.debug.xcconfig */;
			buildSettings = {
				ALWAYS_EMBED_SWIFT_STANDARD_LIBRARIES = YES;
				CODE_SIGN_STYLE = Automatic;
				DEVELOPMENT_TEAM = YK52W7Z6K7;
				INFOPLIST_FILE = WeatherUITests/Info.plist;
				LD_RUNPATH_SEARCH_PATHS = (
					"$(inherited)",
					"@executable_path/Frameworks",
					"@loader_path/Frameworks",
				);
				PRODUCT_BUNDLE_IDENTIFIER = com.indivara.WeatherUITests;
				PRODUCT_NAME = "$(TARGET_NAME)";
				SWIFT_VERSION = 5.0;
				TARGETED_DEVICE_FAMILY = "1,2";
				TEST_TARGET_NAME = Weather;
			};
			name = Debug;
		};
		5D4B96DA23F6E27900834630 /* Release */ = {
			isa = XCBuildConfiguration;
			baseConfigurationReference = 925FCE0C0851766444296FC1 /* Pods-Weather-WeatherUITests.release.xcconfig */;
			buildSettings = {
				ALWAYS_EMBED_SWIFT_STANDARD_LIBRARIES = YES;
				CODE_SIGN_STYLE = Automatic;
				DEVELOPMENT_TEAM = YK52W7Z6K7;
				INFOPLIST_FILE = WeatherUITests/Info.plist;
				LD_RUNPATH_SEARCH_PATHS = (
					"$(inherited)",
					"@executable_path/Frameworks",
					"@loader_path/Frameworks",
				);
				PRODUCT_BUNDLE_IDENTIFIER = com.indivara.WeatherUITests;
				PRODUCT_NAME = "$(TARGET_NAME)";
				SWIFT_VERSION = 5.0;
				TARGETED_DEVICE_FAMILY = "1,2";
				TEST_TARGET_NAME = Weather;
			};
			name = Release;
		};
/* End XCBuildConfiguration section */

/* Begin XCConfigurationList section */
		5D4B96A323F6E27600834630 /* Build configuration list for PBXProject "Weather" */ = {
			isa = XCConfigurationList;
			buildConfigurations = (
				5D4B96D023F6E27900834630 /* Debug */,
				5D4B96D123F6E27900834630 /* Release */,
			);
			defaultConfigurationIsVisible = 0;
			defaultConfigurationName = Release;
		};
		5D4B96D223F6E27900834630 /* Build configuration list for PBXNativeTarget "Weather" */ = {
			isa = XCConfigurationList;
			buildConfigurations = (
				5D4B96D323F6E27900834630 /* Debug */,
				5D4B96D423F6E27900834630 /* Release */,
			);
			defaultConfigurationIsVisible = 0;
			defaultConfigurationName = Release;
		};
		5D4B96D523F6E27900834630 /* Build configuration list for PBXNativeTarget "WeatherTests" */ = {
			isa = XCConfigurationList;
			buildConfigurations = (
				5D4B96D623F6E27900834630 /* Debug */,
				5D4B96D723F6E27900834630 /* Release */,
			);
			defaultConfigurationIsVisible = 0;
			defaultConfigurationName = Release;
		};
		5D4B96D823F6E27900834630 /* Build configuration list for PBXNativeTarget "WeatherUITests" */ = {
			isa = XCConfigurationList;
			buildConfigurations = (
				5D4B96D923F6E27900834630 /* Debug */,
				5D4B96DA23F6E27900834630 /* Release */,
			);
			defaultConfigurationIsVisible = 0;
			defaultConfigurationName = Release;
		};
/* End XCConfigurationList section */
	};
	rootObject = 5D4B96A023F6E27600834630 /* Project object */;
}
